PODS:
  - Alamofire (5.1.0)
  - GoogleMaps (3.9.0):
    - GoogleMaps/Maps (= 3.9.0)
  - GoogleMaps/Base (3.9.0)
  - GoogleMaps/Maps (3.9.0):
    - GoogleMaps/Base

DEPENDENCIES:
  - Alamofire
  - GoogleMaps

SPEC REPOS:
  trunk:
    - Alamofire
    - GoogleMaps

SPEC CHECKSUMS:
  Alamofire: 9d5c5f602928e512395b30950c5984eca840093c
  GoogleMaps: 4b5346bddfe6911bb89155d43c903020170523ac

PODFILE CHECKSUM: 925b21c64f697075f1de9d50e13147845d1874c8

COCOAPODS: 1.9.1
